
Microsoft Visual Studio Solution File, Format Version 12.00
# Visual Studio 2012
Project("{FAE04EC0-301F-11D3-BF4B-00C04F79EFBC}") = "Towers", "Towers.csproj", "{66C838D8-97C0-42A7-8A46-D497501B73B6}"
EndProject
Global
	GlobalSection(SolutionConfigurationPlatforms) = preSolution
		Debug|Any CPU = Debug|Any CPU
		Release|Any CPU = Release|Any CPU
	EndGlobalSection
	GlobalSection(ProjectConfigurationPlatforms) = postSolution
		{66C838D8-97C0-42A7-8A46-D497501B73B6}.Debug|Any CPU.ActiveCfg = Debug|Any CPU
		{66C838D8-97C0-42A7-8A46-D497501B73B6}.Debug|Any CPU.Build.0 = Debug|Any CPU
		{66C838D8-97C0-42A7-8A46-D497501B73B6}.Release|Any CPU.ActiveCfg = Release|Any CPU
		{66C838D8-97C0-42A7-8A46-D497501B73B6}.Release|Any CPU.Build.0 = Release|Any CPU
	EndGlobalSection
	GlobalSection(SolutionProperties) = preSolution
		HideSolutionNode = FALSE
	EndGlobalSection
EndGlobal
